
Microsoft Visual Studio Solution File, Format Version 12.00
# Visual Studio Version 17
VisualStudioVersion = 17.9.34728.123
MinimumVisualStudioVersion = 10.0.40219.1
Project("{9A19103F-16F7-4668-BE54-9A1E7A4F7556}") = "BlazorApp", "BlazorApp.csproj", "{C09DFCB9-166F-4423-B3D8-80D0FA59DB19}"
EndProject
Global
	GlobalSection(SolutionConfigurationPlatforms) = preSolution
		Debug|Any CPU = Debug|Any CPU
		Release|Any CPU = Release|Any CPU
	EndGlobalSection
	GlobalSection(ProjectConfigurationPlatforms) = postSolution
		{C09DFCB9-166F-4423-B3D8-80D0FA59DB19}.Debug|Any CPU.ActiveCfg = Debug|Any CPU
		{C09DFCB9-166F-4423-B3D8-80D0FA59DB19}.Debug|Any CPU.Build.0 = Debug|Any CPU
		{C09DFCB9-166F-4423-B3D8-80D0FA59DB19}.Release|Any CPU.ActiveCfg = Release|Any CPU
		{C09DFCB9-166F-4423-B3D8-80D0FA59DB19}.Release|Any CPU.Build.0 = Release|Any CPU
	EndGlobalSection
	GlobalSection(SolutionProperties) = preSolution
		HideSolutionNode = FALSE
	EndGlobalSection
	GlobalSection(ExtensibilityGlobals) = postSolution
		SolutionGuid = {3D322115-957D-4B70-818B-DEFDDADFFEB1}
	EndGlobalSection
EndGlobal
